{
  "name": "biswodip-goj-unified-engineering",
  "version": "2.3.0",
  "lockfileVersion": 3,
  "requires": true,
  "packages": {
    "": {
      "name": "biswodip-goj-unified-engineering",
      "version": "2.3.0",
      "license": "Apache-2.0",
      "bin": {
        "biswodip": "bin/biswodip.mjs",
        "dip": "bin/biswodip.mjs"
      },
      "engines": {
        "node": ">=18.17"
      }
    }
  }
}
